
Microsoft Visual Studio Solution File, Format Version 12.00
# Visual Studio Version 17
VisualStudioVersion = 17.6.33723.286
MinimumVisualStudioVersion = 10.0.40219.1
Project("{FAE04EC0-301F-11D3-BF4B-00C04F79EFBC}") = "WindowsBaselineAssistant", "WindowsBaselineAssistant.csproj", "{F6561EB5-6F82-4E37-9599-9FBC69E140A2}"
EndProject
Global
	GlobalSection(SolutionConfigurationPlatforms) = preSolution
		Debug|Any CPU = Debug|Any CPU
		Release|Any CPU = Release|Any CPU
	EndGlobalSection
	GlobalSection(ProjectConfigurationPlatforms) = postSolution
		{F6561EB5-6F82-4E37-9599-9FBC69E140A2}.Debug|Any CPU.ActiveCfg = Debug|Any CPU
		{F6561EB5-6F82-4E37-9599-9FBC69E140A2}.Debug|Any CPU.Build.0 = Debug|Any CPU
		{F6561EB5-6F82-4E37-9599-9FBC69E140A2}.Release|Any CPU.ActiveCfg = Release|Any CPU
		{F6561EB5-6F82-4E37-9599-9FBC69E140A2}.Release|Any CPU.Build.0 = Release|Any CPU
	EndGlobalSection
	GlobalSection(SolutionProperties) = preSolution
		HideSolutionNode = FALSE
	EndGlobalSection
	GlobalSection(ExtensibilityGlobals) = postSolution
		SolutionGuid = {C17F4DA7-2067-4D0D-82F7-5D71458BDE0A}
	EndGlobalSection
EndGlobal
